
Microsoft Visual Studio Solution File, Format Version 12.00
# Visual Studio Version 17
VisualStudioVersion = 17.8.34316.72
MinimumVisualStudioVersion = 10.0.40219.1
Project("{FAE04EC0-301F-11D3-BF4B-00C04F79EFBC}") = "213302070_Hasan_Firat_Keskin_Yapay_Zeka_Vize_Odevi", "213302070_Hasan_Firat_Keskin_Yapay_Zeka_Vize_Odevi.csproj", "{43E7BF88-0953-4D28-8F03-AB71CD0F2A6D}"
EndProject
Global
	GlobalSection(SolutionConfigurationPlatforms) = preSolution
		Debug|Any CPU = Debug|Any CPU
		Release|Any CPU = Release|Any CPU
	EndGlobalSection
	GlobalSection(ProjectConfigurationPlatforms) = postSolution
		{43E7BF88-0953-4D28-8F03-AB71CD0F2A6D}.Debug|Any CPU.ActiveCfg = Debug|Any CPU
		{43E7BF88-0953-4D28-8F03-AB71CD0F2A6D}.Debug|Any CPU.Build.0 = Debug|Any CPU
		{43E7BF88-0953-4D28-8F03-AB71CD0F2A6D}.Release|Any CPU.ActiveCfg = Release|Any CPU
		{43E7BF88-0953-4D28-8F03-AB71CD0F2A6D}.Release|Any CPU.Build.0 = Release|Any CPU
	EndGlobalSection
	GlobalSection(SolutionProperties) = preSolution
		HideSolutionNode = FALSE
	EndGlobalSection
	GlobalSection(ExtensibilityGlobals) = postSolution
		SolutionGuid = {61762700-A835-46FB-93D7-BE8588C0DD44}
	EndGlobalSection
EndGlobal
